
Microsoft Visual Studio Solution File, Format Version 12.00
# Visual Studio Version 17
VisualStudioVersion = 17.6.33829.357
MinimumVisualStudioVersion = 10.0.40219.1
Project("{8BC9CEB8-8B4A-11D0-8D11-00A0C91BC942}") = "AutoPlayApp", "AutoPlayApp\AutoPlayApp.vcxproj", "{0BE2670C-956F-410C-AD8A-7F9F5E45B5E2}"
EndProject
Project("{8BC9CEB8-8B4A-11D0-8D11-00A0C91BC942}") = "AutoPlayAppConsole", "AutoPlayAppConsole\AutoPlayAppConsole.vcxproj", "{6D6892D6-068B-4175-96D1-6DE0BFDAC3F1}"
EndProject
Global
	GlobalSection(SolutionConfigurationPlatforms) = preSolution
		Debug|ARM64 = Debug|ARM64
		Debug|x64 = Debug|x64
		Debug|x86 = Debug|x86
		Release|ARM64 = Release|ARM64
		Release|x64 = Release|x64
		Release|x86 = Release|x86
	EndGlobalSection
	GlobalSection(ProjectConfigurationPlatforms) = postSolution
		{0BE2670C-956F-410C-AD8A-7F9F5E45B5E2}.Debug|ARM64.ActiveCfg = Debug|ARM64
		{0BE2670C-956F-410C-AD8A-7F9F5E45B5E2}.Debug|ARM64.Build.0 = Debug|ARM64
		{0BE2670C-956F-410C-AD8A-7F9F5E45B5E2}.Debug|ARM64.Deploy.0 = Debug|ARM64
		{0BE2670C-956F-410C-AD8A-7F9F5E45B5E2}.Debug|x64.ActiveCfg = Debug|x64
		{0BE2670C-956F-410C-AD8A-7F9F5E45B5E2}.Debug|x64.Build.0 = Debug|x64
		{0BE2670C-956F-410C-AD8A-7F9F5E45B5E2}.Debug|x64.Deploy.0 = Debug|x64
		{0BE2670C-956F-410C-AD8A-7F9F5E45B5E2}.Debug|x86.ActiveCfg = Debug|Win32
		{0BE2670C-956F-410C-AD8A-7F9F5E45B5E2}.Debug|x86.Build.0 = Debug|Win32
		{0BE2670C-956F-410C-AD8A-7F9F5E45B5E2}.Debug|x86.Deploy.0 = Debug|Win32
		{0BE2670C-956F-410C-AD8A-7F9F5E45B5E2}.Release|ARM64.ActiveCfg = Release|ARM64
		{0BE2670C-956F-410C-AD8A-7F9F5E45B5E2}.Release|ARM64.Build.0 = Release|ARM64
		{0BE2670C-956F-410C-AD8A-7F9F5E45B5E2}.Release|ARM64.Deploy.0 = Release|ARM64
		{0BE2670C-956F-410C-AD8A-7F9F5E45B5E2}.Release|x64.ActiveCfg = Release|x64
		{0BE2670C-956F-410C-AD8A-7F9F5E45B5E2}.Release|x64.Build.0 = Release|x64
		{0BE2670C-956F-410C-AD8A-7F9F5E45B5E2}.Release|x64.Deploy.0 = Release|x64
		{0BE2670C-956F-410C-AD8A-7F9F5E45B5E2}.Release|x86.ActiveCfg = Release|Win32
		{0BE2670C-956F-410C-AD8A-7F9F5E45B5E2}.Release|x86.Build.0 = Release|Win32
		{0BE2670C-956F-410C-AD8A-7F9F5E45B5E2}.Release|x86.Deploy.0 = Release|Win32
		{6D6892D6-068B-4175-96D1-6DE0BFDAC3F1}.Debug|ARM64.ActiveCfg = Debug|x64
		{6D6892D6-068B-4175-96D1-6DE0BFDAC3F1}.Debug|ARM64.Build.0 = Debug|x64
		{6D6892D6-068B-4175-96D1-6DE0BFDAC3F1}.Debug|x64.ActiveCfg = Debug|x64
		{6D6892D6-068B-4175-96D1-6DE0BFDAC3F1}.Debug|x64.Build.0 = Debug|x64
		{6D6892D6-068B-4175-96D1-6DE0BFDAC3F1}.Debug|x86.ActiveCfg = Debug|Win32
		{6D6892D6-068B-4175-96D1-6DE0BFDAC3F1}.Debug|x86.Build.0 = Debug|Win32
		{6D6892D6-068B-4175-96D1-6DE0BFDAC3F1}.Release|ARM64.ActiveCfg = Release|x64
		{6D6892D6-068B-4175-96D1-6DE0BFDAC3F1}.Release|ARM64.Build.0 = Release|x64
		{6D6892D6-068B-4175-96D1-6DE0BFDAC3F1}.Release|x64.ActiveCfg = Release|x64
		{6D6892D6-068B-4175-96D1-6DE0BFDAC3F1}.Release|x64.Build.0 = Release|x64
		{6D6892D6-068B-4175-96D1-6DE0BFDAC3F1}.Release|x86.ActiveCfg = Release|Win32
		{6D6892D6-068B-4175-96D1-6DE0BFDAC3F1}.Release|x86.Build.0 = Release|Win32
	EndGlobalSection
	GlobalSection(SolutionProperties) = preSolution
		HideSolutionNode = FALSE
	EndGlobalSection
	GlobalSection(ExtensibilityGlobals) = postSolution
		SolutionGuid = {039F472B-4313-4FA2-817D-71C6E89BC990}
	EndGlobalSection
EndGlobal
