
Microsoft Visual Studio Solution File, Format Version 12.00
# Visual Studio Version 17
VisualStudioVersion = 17.6.33829.357
MinimumVisualStudioVersion = 10.0.40219.1
Project("{8BC9CEB8-8B4A-11D0-8D11-00A0C91BC942}") = "AutoPlayApp", "AutoPlayApp\AutoPlayApp.vcxproj", "{0BE2670C-956F-410C-AD8A-7F9F5E45B5E2}"
EndProject
Project("{8BC9CEB8-8B4A-11D0-8D11-00A0C91BC942}") = "AutoPlayAppConsole", "AutoPlayAppConsole\AutoPlayAppConsole.vcxproj", "{6D6892D6-068B-4175-96D1-6DE0BFDAC3F1}"
EndProject
Project("{C7167F0D-BC9F-4E6E-AFE1-012C56B48DB5}") = "AutoPlayAppPackage.WAP", "AutoPlayAppPackage.WAP\AutoPlayAppPackage.WAP.wapproj", "{8261B174-2FE3-4972-B1D0-F223553BFC93}"
EndProject
Project("{8BC9CEB8-8B4A-11D0-8D11-00A0C91BC942}") = "ComServerExe", "ComServerExe\ComServerExe.vcxproj", "{C5ABAC44-8A6E-46CE-814F-379905DFCD8E}"
EndProject
Global
	GlobalSection(SolutionConfigurationPlatforms) = preSolution
		Debug|Any CPU = Debug|Any CPU
		Debug|ARM = Debug|ARM
		Debug|ARM64 = Debug|ARM64
		Debug|x64 = Debug|x64
		Debug|x86 = Debug|x86
		Release|Any CPU = Release|Any CPU
		Release|ARM = Release|ARM
		Release|ARM64 = Release|ARM64
		Release|x64 = Release|x64
		Release|x86 = Release|x86
	EndGlobalSection
	GlobalSection(ProjectConfigurationPlatforms) = postSolution
		{0BE2670C-956F-410C-AD8A-7F9F5E45B5E2}.Debug|Any CPU.ActiveCfg = Debug|x64
		{0BE2670C-956F-410C-AD8A-7F9F5E45B5E2}.Debug|Any CPU.Build.0 = Debug|x64
		{0BE2670C-956F-410C-AD8A-7F9F5E45B5E2}.Debug|Any CPU.Deploy.0 = Debug|x64
		{0BE2670C-956F-410C-AD8A-7F9F5E45B5E2}.Debug|ARM.ActiveCfg = Debug|x64
		{0BE2670C-956F-410C-AD8A-7F9F5E45B5E2}.Debug|ARM.Build.0 = Debug|x64
		{0BE2670C-956F-410C-AD8A-7F9F5E45B5E2}.Debug|ARM.Deploy.0 = Debug|x64
		{0BE2670C-956F-410C-AD8A-7F9F5E45B5E2}.Debug|ARM64.ActiveCfg = Debug|ARM64
		{0BE2670C-956F-410C-AD8A-7F9F5E45B5E2}.Debug|ARM64.Build.0 = Debug|ARM64
		{0BE2670C-956F-410C-AD8A-7F9F5E45B5E2}.Debug|ARM64.Deploy.0 = Debug|ARM64
		{0BE2670C-956F-410C-AD8A-7F9F5E45B5E2}.Debug|x64.ActiveCfg = Debug|x64
		{0BE2670C-956F-410C-AD8A-7F9F5E45B5E2}.Debug|x64.Build.0 = Debug|x64
		{0BE2670C-956F-410C-AD8A-7F9F5E45B5E2}.Debug|x64.Deploy.0 = Debug|x64
		{0BE2670C-956F-410C-AD8A-7F9F5E45B5E2}.Debug|x86.ActiveCfg = Debug|Win32
		{0BE2670C-956F-410C-AD8A-7F9F5E45B5E2}.Debug|x86.Build.0 = Debug|Win32
		{0BE2670C-956F-410C-AD8A-7F9F5E45B5E2}.Debug|x86.Deploy.0 = Debug|Win32
		{0BE2670C-956F-410C-AD8A-7F9F5E45B5E2}.Release|Any CPU.ActiveCfg = Release|x64
		{0BE2670C-956F-410C-AD8A-7F9F5E45B5E2}.Release|Any CPU.Build.0 = Release|x64
		{0BE2670C-956F-410C-AD8A-7F9F5E45B5E2}.Release|Any CPU.Deploy.0 = Release|x64
		{0BE2670C-956F-410C-AD8A-7F9F5E45B5E2}.Release|ARM.ActiveCfg = Release|x64
		{0BE2670C-956F-410C-AD8A-7F9F5E45B5E2}.Release|ARM.Build.0 = Release|x64
		{0BE2670C-956F-410C-AD8A-7F9F5E45B5E2}.Release|ARM.Deploy.0 = Release|x64
		{0BE2670C-956F-410C-AD8A-7F9F5E45B5E2}.Release|ARM64.ActiveCfg = Release|ARM64
		{0BE2670C-956F-410C-AD8A-7F9F5E45B5E2}.Release|ARM64.Build.0 = Release|ARM64
		{0BE2670C-956F-410C-AD8A-7F9F5E45B5E2}.Release|ARM64.Deploy.0 = Release|ARM64
		{0BE2670C-956F-410C-AD8A-7F9F5E45B5E2}.Release|x64.ActiveCfg = Release|x64
		{0BE2670C-956F-410C-AD8A-7F9F5E45B5E2}.Release|x64.Build.0 = Release|x64
		{0BE2670C-956F-410C-AD8A-7F9F5E45B5E2}.Release|x64.Deploy.0 = Release|x64
		{0BE2670C-956F-410C-AD8A-7F9F5E45B5E2}.Release|x86.ActiveCfg = Release|Win32
		{0BE2670C-956F-410C-AD8A-7F9F5E45B5E2}.Release|x86.Build.0 = Release|Win32
		{0BE2670C-956F-410C-AD8A-7F9F5E45B5E2}.Release|x86.Deploy.0 = Release|Win32
		{6D6892D6-068B-4175-96D1-6DE0BFDAC3F1}.Debug|Any CPU.ActiveCfg = Debug|x64
		{6D6892D6-068B-4175-96D1-6DE0BFDAC3F1}.Debug|Any CPU.Build.0 = Debug|x64
		{6D6892D6-068B-4175-96D1-6DE0BFDAC3F1}.Debug|ARM.ActiveCfg = Debug|x64
		{6D6892D6-068B-4175-96D1-6DE0BFDAC3F1}.Debug|ARM.Build.0 = Debug|x64
		{6D6892D6-068B-4175-96D1-6DE0BFDAC3F1}.Debug|ARM64.ActiveCfg = Debug|x64
		{6D6892D6-068B-4175-96D1-6DE0BFDAC3F1}.Debug|ARM64.Build.0 = Debug|x64
		{6D6892D6-068B-4175-96D1-6DE0BFDAC3F1}.Debug|x64.ActiveCfg = Debug|x64
		{6D6892D6-068B-4175-96D1-6DE0BFDAC3F1}.Debug|x64.Build.0 = Debug|x64
		{6D6892D6-068B-4175-96D1-6DE0BFDAC3F1}.Debug|x86.ActiveCfg = Debug|Win32
		{6D6892D6-068B-4175-96D1-6DE0BFDAC3F1}.Debug|x86.Build.0 = Debug|Win32
		{6D6892D6-068B-4175-96D1-6DE0BFDAC3F1}.Release|Any CPU.ActiveCfg = Release|x64
		{6D6892D6-068B-4175-96D1-6DE0BFDAC3F1}.Release|Any CPU.Build.0 = Release|x64
		{6D6892D6-068B-4175-96D1-6DE0BFDAC3F1}.Release|ARM.ActiveCfg = Release|x64
		{6D6892D6-068B-4175-96D1-6DE0BFDAC3F1}.Release|ARM.Build.0 = Release|x64
		{6D6892D6-068B-4175-96D1-6DE0BFDAC3F1}.Release|ARM64.ActiveCfg = Release|x64
		{6D6892D6-068B-4175-96D1-6DE0BFDAC3F1}.Release|ARM64.Build.0 = Release|x64
		{6D6892D6-068B-4175-96D1-6DE0BFDAC3F1}.Release|x64.ActiveCfg = Release|x64
		{6D6892D6-068B-4175-96D1-6DE0BFDAC3F1}.Release|x64.Build.0 = Release|x64
		{6D6892D6-068B-4175-96D1-6DE0BFDAC3F1}.Release|x86.ActiveCfg = Release|Win32
		{6D6892D6-068B-4175-96D1-6DE0BFDAC3F1}.Release|x86.Build.0 = Release|Win32
		{8261B174-2FE3-4972-B1D0-F223553BFC93}.Debug|Any CPU.ActiveCfg = Debug|Any CPU
		{8261B174-2FE3-4972-B1D0-F223553BFC93}.Debug|Any CPU.Build.0 = Debug|Any CPU
		{8261B174-2FE3-4972-B1D0-F223553BFC93}.Debug|Any CPU.Deploy.0 = Debug|Any CPU
		{8261B174-2FE3-4972-B1D0-F223553BFC93}.Debug|ARM.ActiveCfg = Debug|ARM
		{8261B174-2FE3-4972-B1D0-F223553BFC93}.Debug|ARM.Build.0 = Debug|ARM
		{8261B174-2FE3-4972-B1D0-F223553BFC93}.Debug|ARM.Deploy.0 = Debug|ARM
		{8261B174-2FE3-4972-B1D0-F223553BFC93}.Debug|ARM64.ActiveCfg = Debug|ARM64
		{8261B174-2FE3-4972-B1D0-F223553BFC93}.Debug|ARM64.Build.0 = Debug|ARM64
		{8261B174-2FE3-4972-B1D0-F223553BFC93}.Debug|ARM64.Deploy.0 = Debug|ARM64
		{8261B174-2FE3-4972-B1D0-F223553BFC93}.Debug|x64.ActiveCfg = Debug|x64
		{8261B174-2FE3-4972-B1D0-F223553BFC93}.Debug|x64.Build.0 = Debug|x64
		{8261B174-2FE3-4972-B1D0-F223553BFC93}.Debug|x64.Deploy.0 = Debug|x64
		{8261B174-2FE3-4972-B1D0-F223553BFC93}.Debug|x86.ActiveCfg = Debug|x86
		{8261B174-2FE3-4972-B1D0-F223553BFC93}.Debug|x86.Build.0 = Debug|x86
		{8261B174-2FE3-4972-B1D0-F223553BFC93}.Debug|x86.Deploy.0 = Debug|x86
		{8261B174-2FE3-4972-B1D0-F223553BFC93}.Release|Any CPU.ActiveCfg = Release|Any CPU
		{8261B174-2FE3-4972-B1D0-F223553BFC93}.Release|Any CPU.Build.0 = Release|Any CPU
		{8261B174-2FE3-4972-B1D0-F223553BFC93}.Release|Any CPU.Deploy.0 = Release|Any CPU
		{8261B174-2FE3-4972-B1D0-F223553BFC93}.Release|ARM.ActiveCfg = Release|ARM
		{8261B174-2FE3-4972-B1D0-F223553BFC93}.Release|ARM.Build.0 = Release|ARM
		{8261B174-2FE3-4972-B1D0-F223553BFC93}.Release|ARM.Deploy.0 = Release|ARM
		{8261B174-2FE3-4972-B1D0-F223553BFC93}.Release|ARM64.ActiveCfg = Release|ARM64
		{8261B174-2FE3-4972-B1D0-F223553BFC93}.Release|ARM64.Build.0 = Release|ARM64
		{8261B174-2FE3-4972-B1D0-F223553BFC93}.Release|ARM64.Deploy.0 = Release|ARM64
		{8261B174-2FE3-4972-B1D0-F223553BFC93}.Release|x64.ActiveCfg = Release|x64
		{8261B174-2FE3-4972-B1D0-F223553BFC93}.Release|x64.Build.0 = Release|x64
		{8261B174-2FE3-4972-B1D0-F223553BFC93}.Release|x64.Deploy.0 = Release|x64
		{8261B174-2FE3-4972-B1D0-F223553BFC93}.Release|x86.ActiveCfg = Release|x86
		{8261B174-2FE3-4972-B1D0-F223553BFC93}.Release|x86.Build.0 = Release|x86
		{8261B174-2FE3-4972-B1D0-F223553BFC93}.Release|x86.Deploy.0 = Release|x86
		{C5ABAC44-8A6E-46CE-814F-379905DFCD8E}.Debug|Any CPU.ActiveCfg = Debug|x64
		{C5ABAC44-8A6E-46CE-814F-379905DFCD8E}.Debug|Any CPU.Build.0 = Debug|x64
		{C5ABAC44-8A6E-46CE-814F-379905DFCD8E}.Debug|ARM.ActiveCfg = Debug|x64
		{C5ABAC44-8A6E-46CE-814F-379905DFCD8E}.Debug|ARM.Build.0 = Debug|x64
		{C5ABAC44-8A6E-46CE-814F-379905DFCD8E}.Debug|ARM64.ActiveCfg = Debug|x64
		{C5ABAC44-8A6E-46CE-814F-379905DFCD8E}.Debug|ARM64.Build.0 = Debug|x64
		{C5ABAC44-8A6E-46CE-814F-379905DFCD8E}.Debug|x64.ActiveCfg = Debug|x64
		{C5ABAC44-8A6E-46CE-814F-379905DFCD8E}.Debug|x64.Build.0 = Debug|x64
		{C5ABAC44-8A6E-46CE-814F-379905DFCD8E}.Debug|x86.ActiveCfg = Debug|Win32
		{C5ABAC44-8A6E-46CE-814F-379905DFCD8E}.Debug|x86.Build.0 = Debug|Win32
		{C5ABAC44-8A6E-46CE-814F-379905DFCD8E}.Release|Any CPU.ActiveCfg = Release|x64
		{C5ABAC44-8A6E-46CE-814F-379905DFCD8E}.Release|Any CPU.Build.0 = Release|x64
		{C5ABAC44-8A6E-46CE-814F-379905DFCD8E}.Release|ARM.ActiveCfg = Release|x64
		{C5ABAC44-8A6E-46CE-814F-379905DFCD8E}.Release|ARM.Build.0 = Release|x64
		{C5ABAC44-8A6E-46CE-814F-379905DFCD8E}.Release|ARM64.ActiveCfg = Release|x64
		{C5ABAC44-8A6E-46CE-814F-379905DFCD8E}.Release|ARM64.Build.0 = Release|x64
		{C5ABAC44-8A6E-46CE-814F-379905DFCD8E}.Release|x64.ActiveCfg = Release|x64
		{C5ABAC44-8A6E-46CE-814F-379905DFCD8E}.Release|x64.Build.0 = Release|x64
		{C5ABAC44-8A6E-46CE-814F-379905DFCD8E}.Release|x86.ActiveCfg = Release|Win32
		{C5ABAC44-8A6E-46CE-814F-379905DFCD8E}.Release|x86.Build.0 = Release|Win32
	EndGlobalSection
	GlobalSection(SolutionProperties) = preSolution
		HideSolutionNode = FALSE
	EndGlobalSection
	GlobalSection(ExtensibilityGlobals) = postSolution
		SolutionGuid = {039F472B-4313-4FA2-817D-71C6E89BC990}
	EndGlobalSection
EndGlobal
