
Microsoft Visual Studio Solution File, Format Version 12.00
# Visual Studio Version 17
VisualStudioVersion = 17.6.33927.249
MinimumVisualStudioVersion = 10.0.40219.1
Project("{8BC9CEB8-8B4A-11D0-8D11-00A0C91BC942}") = "CsCppApp", "CsCppApp\CsCppApp.vcxproj", "{04A71235-9FC9-43C5-8227-8C93D2754098}"
EndProject
Project("{9A19103F-16F7-4668-BE54-9A1E7A4F7556}") = "CsWinRtComponent", "CsWinRtComponent\CsWinRtComponent.csproj", "{84C732B6-808B-483B-95FC-10AD6CB00D8D}"
EndProject
Project("{2150E333-8FDC-42A3-9474-1A3956D46DE8}") = "App", "App", "{C61509CD-F819-4CF1-B89A-20D1FA8D2CD2}"
EndProject
Project("{2150E333-8FDC-42A3-9474-1A3956D46DE8}") = "CsWinRt", "CsWinRt", "{6A2B5397-401B-41F6-96D2-6DF00D9F564C}"
EndProject
Project("{2150E333-8FDC-42A3-9474-1A3956D46DE8}") = "NativeHost", "NativeHost", "{169E8475-D7FA-4219-8FCB-4E94CF1F653E}"
EndProject
Project("{9A19103F-16F7-4668-BE54-9A1E7A4F7556}") = "NativeHost", "NativeHost\NativeHost.csproj", "{A8ACB64C-E2B7-48AD-A0FC-583880E0651C}"
EndProject
Global
	GlobalSection(SolutionConfigurationPlatforms) = preSolution
		Debug|Any CPU = Debug|Any CPU
		Debug|ARM64 = Debug|ARM64
		Debug|x64 = Debug|x64
		Debug|x86 = Debug|x86
		Release|Any CPU = Release|Any CPU
		Release|ARM64 = Release|ARM64
		Release|x64 = Release|x64
		Release|x86 = Release|x86
	EndGlobalSection
	GlobalSection(ProjectConfigurationPlatforms) = postSolution
		{04A71235-9FC9-43C5-8227-8C93D2754098}.Debug|Any CPU.ActiveCfg = Debug|x64
		{04A71235-9FC9-43C5-8227-8C93D2754098}.Debug|Any CPU.Build.0 = Debug|x64
		{04A71235-9FC9-43C5-8227-8C93D2754098}.Debug|Any CPU.Deploy.0 = Debug|x64
		{04A71235-9FC9-43C5-8227-8C93D2754098}.Debug|ARM64.ActiveCfg = Debug|ARM64
		{04A71235-9FC9-43C5-8227-8C93D2754098}.Debug|ARM64.Build.0 = Debug|ARM64
		{04A71235-9FC9-43C5-8227-8C93D2754098}.Debug|ARM64.Deploy.0 = Debug|ARM64
		{04A71235-9FC9-43C5-8227-8C93D2754098}.Debug|x64.ActiveCfg = Debug|x64
		{04A71235-9FC9-43C5-8227-8C93D2754098}.Debug|x64.Build.0 = Debug|x64
		{04A71235-9FC9-43C5-8227-8C93D2754098}.Debug|x64.Deploy.0 = Debug|x64
		{04A71235-9FC9-43C5-8227-8C93D2754098}.Debug|x86.ActiveCfg = Debug|Win32
		{04A71235-9FC9-43C5-8227-8C93D2754098}.Debug|x86.Build.0 = Debug|Win32
		{04A71235-9FC9-43C5-8227-8C93D2754098}.Debug|x86.Deploy.0 = Debug|Win32
		{04A71235-9FC9-43C5-8227-8C93D2754098}.Release|Any CPU.ActiveCfg = Release|x64
		{04A71235-9FC9-43C5-8227-8C93D2754098}.Release|Any CPU.Build.0 = Release|x64
		{04A71235-9FC9-43C5-8227-8C93D2754098}.Release|Any CPU.Deploy.0 = Release|x64
		{04A71235-9FC9-43C5-8227-8C93D2754098}.Release|ARM64.ActiveCfg = Release|ARM64
		{04A71235-9FC9-43C5-8227-8C93D2754098}.Release|ARM64.Build.0 = Release|ARM64
		{04A71235-9FC9-43C5-8227-8C93D2754098}.Release|ARM64.Deploy.0 = Release|ARM64
		{04A71235-9FC9-43C5-8227-8C93D2754098}.Release|x64.ActiveCfg = Release|x64
		{04A71235-9FC9-43C5-8227-8C93D2754098}.Release|x64.Build.0 = Release|x64
		{04A71235-9FC9-43C5-8227-8C93D2754098}.Release|x64.Deploy.0 = Release|x64
		{04A71235-9FC9-43C5-8227-8C93D2754098}.Release|x86.ActiveCfg = Release|Win32
		{04A71235-9FC9-43C5-8227-8C93D2754098}.Release|x86.Build.0 = Release|Win32
		{04A71235-9FC9-43C5-8227-8C93D2754098}.Release|x86.Deploy.0 = Release|Win32
		{84C732B6-808B-483B-95FC-10AD6CB00D8D}.Debug|Any CPU.ActiveCfg = Debug|Any CPU
		{84C732B6-808B-483B-95FC-10AD6CB00D8D}.Debug|Any CPU.Build.0 = Debug|Any CPU
		{84C732B6-808B-483B-95FC-10AD6CB00D8D}.Debug|ARM64.ActiveCfg = Debug|ARM64
		{84C732B6-808B-483B-95FC-10AD6CB00D8D}.Debug|ARM64.Build.0 = Debug|ARM64
		{84C732B6-808B-483B-95FC-10AD6CB00D8D}.Debug|x64.ActiveCfg = Debug|x64
		{84C732B6-808B-483B-95FC-10AD6CB00D8D}.Debug|x64.Build.0 = Debug|x64
		{84C732B6-808B-483B-95FC-10AD6CB00D8D}.Debug|x86.ActiveCfg = Debug|x86
		{84C732B6-808B-483B-95FC-10AD6CB00D8D}.Debug|x86.Build.0 = Debug|x86
		{84C732B6-808B-483B-95FC-10AD6CB00D8D}.Release|Any CPU.ActiveCfg = Release|Any CPU
		{84C732B6-808B-483B-95FC-10AD6CB00D8D}.Release|Any CPU.Build.0 = Release|Any CPU
		{84C732B6-808B-483B-95FC-10AD6CB00D8D}.Release|ARM64.ActiveCfg = Release|ARM64
		{84C732B6-808B-483B-95FC-10AD6CB00D8D}.Release|ARM64.Build.0 = Release|ARM64
		{84C732B6-808B-483B-95FC-10AD6CB00D8D}.Release|x64.ActiveCfg = Release|x64
		{84C732B6-808B-483B-95FC-10AD6CB00D8D}.Release|x64.Build.0 = Release|x64
		{84C732B6-808B-483B-95FC-10AD6CB00D8D}.Release|x86.ActiveCfg = Release|x86
		{84C732B6-808B-483B-95FC-10AD6CB00D8D}.Release|x86.Build.0 = Release|x86
		{A8ACB64C-E2B7-48AD-A0FC-583880E0651C}.Debug|Any CPU.ActiveCfg = Debug|Any CPU
		{A8ACB64C-E2B7-48AD-A0FC-583880E0651C}.Debug|Any CPU.Build.0 = Debug|Any CPU
		{A8ACB64C-E2B7-48AD-A0FC-583880E0651C}.Debug|ARM64.ActiveCfg = Debug|ARM64
		{A8ACB64C-E2B7-48AD-A0FC-583880E0651C}.Debug|ARM64.Build.0 = Debug|ARM64
		{A8ACB64C-E2B7-48AD-A0FC-583880E0651C}.Debug|x64.ActiveCfg = Debug|x64
		{A8ACB64C-E2B7-48AD-A0FC-583880E0651C}.Debug|x64.Build.0 = Debug|x64
		{A8ACB64C-E2B7-48AD-A0FC-583880E0651C}.Debug|x86.ActiveCfg = Debug|x86
		{A8ACB64C-E2B7-48AD-A0FC-583880E0651C}.Debug|x86.Build.0 = Debug|x86
		{A8ACB64C-E2B7-48AD-A0FC-583880E0651C}.Release|Any CPU.ActiveCfg = Release|Any CPU
		{A8ACB64C-E2B7-48AD-A0FC-583880E0651C}.Release|Any CPU.Build.0 = Release|Any CPU
		{A8ACB64C-E2B7-48AD-A0FC-583880E0651C}.Release|ARM64.ActiveCfg = Release|Any CPU
		{A8ACB64C-E2B7-48AD-A0FC-583880E0651C}.Release|ARM64.Build.0 = Release|Any CPU
		{A8ACB64C-E2B7-48AD-A0FC-583880E0651C}.Release|x64.ActiveCfg = Release|x64
		{A8ACB64C-E2B7-48AD-A0FC-583880E0651C}.Release|x64.Build.0 = Release|x64
		{A8ACB64C-E2B7-48AD-A0FC-583880E0651C}.Release|x86.ActiveCfg = Release|x64
		{A8ACB64C-E2B7-48AD-A0FC-583880E0651C}.Release|x86.Build.0 = Release|x64
	EndGlobalSection
	GlobalSection(SolutionProperties) = preSolution
		HideSolutionNode = FALSE
	EndGlobalSection
	GlobalSection(NestedProjects) = preSolution
		{04A71235-9FC9-43C5-8227-8C93D2754098} = {C61509CD-F819-4CF1-B89A-20D1FA8D2CD2}
		{84C732B6-808B-483B-95FC-10AD6CB00D8D} = {6A2B5397-401B-41F6-96D2-6DF00D9F564C}
		{A8ACB64C-E2B7-48AD-A0FC-583880E0651C} = {169E8475-D7FA-4219-8FCB-4E94CF1F653E}
	EndGlobalSection
	GlobalSection(ExtensibilityGlobals) = postSolution
		SolutionGuid = {64D4A707-E727-42C8-A389-BEC3AB5350AC}
	EndGlobalSection
EndGlobal
