
Microsoft Visual Studio Solution File, Format Version 12.00
# Visual Studio Version 17
VisualStudioVersion = 17.9.34701.34
MinimumVisualStudioVersion = 10.0.40219.1
Project("{8BC9CEB8-8B4A-11D0-8D11-00A0C91BC942}") = "Multiprocess.App", "Multiprocess.App\Multiprocess.App.vcxproj", "{D534B02F-E52E-4243-A9D4-0BF071B9C4EA}"
EndProject
Project("{8BC9CEB8-8B4A-11D0-8D11-00A0C91BC942}") = "Multiprocess.Service", "Multiprocess.Service\Multiprocess.Service.vcxproj", "{92EE0D34-8C48-45C0-9E6E-FA1E4FF2CC98}"
EndProject
Global
	GlobalSection(SolutionConfigurationPlatforms) = preSolution
		Debug|ARM64 = Debug|ARM64
		Debug|x64 = Debug|x64
		Debug|x86 = Debug|x86
		Release|ARM64 = Release|ARM64
		Release|x64 = Release|x64
		Release|x86 = Release|x86
	EndGlobalSection
	GlobalSection(ProjectConfigurationPlatforms) = postSolution
		{D534B02F-E52E-4243-A9D4-0BF071B9C4EA}.Debug|ARM64.ActiveCfg = Debug|ARM64
		{D534B02F-E52E-4243-A9D4-0BF071B9C4EA}.Debug|ARM64.Build.0 = Debug|ARM64
		{D534B02F-E52E-4243-A9D4-0BF071B9C4EA}.Debug|ARM64.Deploy.0 = Debug|ARM64
		{D534B02F-E52E-4243-A9D4-0BF071B9C4EA}.Debug|x64.ActiveCfg = Debug|x64
		{D534B02F-E52E-4243-A9D4-0BF071B9C4EA}.Debug|x64.Build.0 = Debug|x64
		{D534B02F-E52E-4243-A9D4-0BF071B9C4EA}.Debug|x64.Deploy.0 = Debug|x64
		{D534B02F-E52E-4243-A9D4-0BF071B9C4EA}.Debug|x86.ActiveCfg = Debug|Win32
		{D534B02F-E52E-4243-A9D4-0BF071B9C4EA}.Debug|x86.Build.0 = Debug|Win32
		{D534B02F-E52E-4243-A9D4-0BF071B9C4EA}.Debug|x86.Deploy.0 = Debug|Win32
		{D534B02F-E52E-4243-A9D4-0BF071B9C4EA}.Release|ARM64.ActiveCfg = Release|ARM64
		{D534B02F-E52E-4243-A9D4-0BF071B9C4EA}.Release|ARM64.Build.0 = Release|ARM64
		{D534B02F-E52E-4243-A9D4-0BF071B9C4EA}.Release|ARM64.Deploy.0 = Release|ARM64
		{D534B02F-E52E-4243-A9D4-0BF071B9C4EA}.Release|x64.ActiveCfg = Release|x64
		{D534B02F-E52E-4243-A9D4-0BF071B9C4EA}.Release|x64.Build.0 = Release|x64
		{D534B02F-E52E-4243-A9D4-0BF071B9C4EA}.Release|x64.Deploy.0 = Release|x64
		{D534B02F-E52E-4243-A9D4-0BF071B9C4EA}.Release|x86.ActiveCfg = Release|Win32
		{D534B02F-E52E-4243-A9D4-0BF071B9C4EA}.Release|x86.Build.0 = Release|Win32
		{D534B02F-E52E-4243-A9D4-0BF071B9C4EA}.Release|x86.Deploy.0 = Release|Win32
		{92EE0D34-8C48-45C0-9E6E-FA1E4FF2CC98}.Debug|ARM64.ActiveCfg = Debug|x64
		{92EE0D34-8C48-45C0-9E6E-FA1E4FF2CC98}.Debug|ARM64.Build.0 = Debug|x64
		{92EE0D34-8C48-45C0-9E6E-FA1E4FF2CC98}.Debug|x64.ActiveCfg = Debug|x64
		{92EE0D34-8C48-45C0-9E6E-FA1E4FF2CC98}.Debug|x64.Build.0 = Debug|x64
		{92EE0D34-8C48-45C0-9E6E-FA1E4FF2CC98}.Debug|x86.ActiveCfg = Debug|Win32
		{92EE0D34-8C48-45C0-9E6E-FA1E4FF2CC98}.Debug|x86.Build.0 = Debug|Win32
		{92EE0D34-8C48-45C0-9E6E-FA1E4FF2CC98}.Release|ARM64.ActiveCfg = Release|x64
		{92EE0D34-8C48-45C0-9E6E-FA1E4FF2CC98}.Release|ARM64.Build.0 = Release|x64
		{92EE0D34-8C48-45C0-9E6E-FA1E4FF2CC98}.Release|x64.ActiveCfg = Release|x64
		{92EE0D34-8C48-45C0-9E6E-FA1E4FF2CC98}.Release|x64.Build.0 = Release|x64
		{92EE0D34-8C48-45C0-9E6E-FA1E4FF2CC98}.Release|x86.ActiveCfg = Release|Win32
		{92EE0D34-8C48-45C0-9E6E-FA1E4FF2CC98}.Release|x86.Build.0 = Release|Win32
	EndGlobalSection
	GlobalSection(SolutionProperties) = preSolution
		HideSolutionNode = FALSE
	EndGlobalSection
	GlobalSection(ExtensibilityGlobals) = postSolution
		SolutionGuid = {E69FDD13-BB71-4E90-AC3C-3CAD1A1F2071}
	EndGlobalSection
EndGlobal
