
Microsoft Visual Studio Solution File, Format Version 12.00
# Visual Studio Version 17
VisualStudioVersion = 17.6.33829.357
MinimumVisualStudioVersion = 10.0.40219.1
Project("{9A19103F-16F7-4668-BE54-9A1E7A4F7556}") = "PdfJsApp", "PdfJsApp\PdfJsApp.csproj", "{52A207A9-0046-4355-A7AF-97FAB296E596}"
EndProject
Project("{8BC9CEB8-8B4A-11D0-8D11-00A0C91BC942}") = "WvToWinRtAdapter", "WvToWinRtAdapter\WvToWinRtAdapter.vcxproj", "{CB9B2946-80D4-4B0E-8473-DCCA42B63CB7}"
EndProject
Project("{9A19103F-16F7-4668-BE54-9A1E7A4F7556}") = "WvToWinRtAdapterCsProjection", "WvToWinRtAdapterCsProjection\WvToWinRtAdapterCsProjection.csproj", "{813E7FF5-0484-459D-A692-1305D2BA3343}"
EndProject
Project("{2150E333-8FDC-42A3-9474-1A3956D46DE8}") = "WvToWinRt", "WvToWinRt", "{52D79523-95E7-44E4-9C84-26175E436BFF}"
EndProject
Project("{8BC9CEB8-8B4A-11D0-8D11-00A0C91BC942}") = "WvToWinRtHostObjectLib", "WvToWinRtHostObjectLib\WvToWinRtHostObjectLib.vcxproj", "{9E017564-48D8-49F7-8867-C8EE5A160A76}"
EndProject
Project("{FAE04EC0-301F-11D3-BF4B-00C04F79EFBC}") = "PdfJsViewer", "PdfJsViewer\PdfJsViewer.csproj", "{9FCEB29A-7D7B-41D7-928A-7FDE3D6E88E0}"
EndProject
Global
	GlobalSection(SolutionConfigurationPlatforms) = preSolution
		Debug|Any CPU = Debug|Any CPU
		Debug|ARM64 = Debug|ARM64
		Debug|x64 = Debug|x64
		Debug|x86 = Debug|x86
		Release|Any CPU = Release|Any CPU
		Release|ARM64 = Release|ARM64
		Release|x64 = Release|x64
		Release|x86 = Release|x86
	EndGlobalSection
	GlobalSection(ProjectConfigurationPlatforms) = postSolution
		{52A207A9-0046-4355-A7AF-97FAB296E596}.Debug|Any CPU.ActiveCfg = Debug|x64
		{52A207A9-0046-4355-A7AF-97FAB296E596}.Debug|Any CPU.Build.0 = Debug|x64
		{52A207A9-0046-4355-A7AF-97FAB296E596}.Debug|Any CPU.Deploy.0 = Debug|x64
		{52A207A9-0046-4355-A7AF-97FAB296E596}.Debug|ARM64.ActiveCfg = Debug|ARM64
		{52A207A9-0046-4355-A7AF-97FAB296E596}.Debug|ARM64.Build.0 = Debug|ARM64
		{52A207A9-0046-4355-A7AF-97FAB296E596}.Debug|ARM64.Deploy.0 = Debug|ARM64
		{52A207A9-0046-4355-A7AF-97FAB296E596}.Debug|x64.ActiveCfg = Debug|x64
		{52A207A9-0046-4355-A7AF-97FAB296E596}.Debug|x64.Build.0 = Debug|x64
		{52A207A9-0046-4355-A7AF-97FAB296E596}.Debug|x64.Deploy.0 = Debug|x64
		{52A207A9-0046-4355-A7AF-97FAB296E596}.Debug|x86.ActiveCfg = Debug|x86
		{52A207A9-0046-4355-A7AF-97FAB296E596}.Debug|x86.Build.0 = Debug|x86
		{52A207A9-0046-4355-A7AF-97FAB296E596}.Debug|x86.Deploy.0 = Debug|x86
		{52A207A9-0046-4355-A7AF-97FAB296E596}.Release|Any CPU.ActiveCfg = Release|x64
		{52A207A9-0046-4355-A7AF-97FAB296E596}.Release|Any CPU.Build.0 = Release|x64
		{52A207A9-0046-4355-A7AF-97FAB296E596}.Release|Any CPU.Deploy.0 = Release|x64
		{52A207A9-0046-4355-A7AF-97FAB296E596}.Release|ARM64.ActiveCfg = Release|ARM64
		{52A207A9-0046-4355-A7AF-97FAB296E596}.Release|ARM64.Build.0 = Release|ARM64
		{52A207A9-0046-4355-A7AF-97FAB296E596}.Release|ARM64.Deploy.0 = Release|ARM64
		{52A207A9-0046-4355-A7AF-97FAB296E596}.Release|x64.ActiveCfg = Release|x64
		{52A207A9-0046-4355-A7AF-97FAB296E596}.Release|x64.Build.0 = Release|x64
		{52A207A9-0046-4355-A7AF-97FAB296E596}.Release|x64.Deploy.0 = Release|x64
		{52A207A9-0046-4355-A7AF-97FAB296E596}.Release|x86.ActiveCfg = Release|x86
		{52A207A9-0046-4355-A7AF-97FAB296E596}.Release|x86.Build.0 = Release|x86
		{52A207A9-0046-4355-A7AF-97FAB296E596}.Release|x86.Deploy.0 = Release|x86
		{CB9B2946-80D4-4B0E-8473-DCCA42B63CB7}.Debug|Any CPU.ActiveCfg = Debug|x64
		{CB9B2946-80D4-4B0E-8473-DCCA42B63CB7}.Debug|Any CPU.Build.0 = Debug|x64
		{CB9B2946-80D4-4B0E-8473-DCCA42B63CB7}.Debug|ARM64.ActiveCfg = Debug|ARM64
		{CB9B2946-80D4-4B0E-8473-DCCA42B63CB7}.Debug|ARM64.Build.0 = Debug|ARM64
		{CB9B2946-80D4-4B0E-8473-DCCA42B63CB7}.Debug|x64.ActiveCfg = Debug|x64
		{CB9B2946-80D4-4B0E-8473-DCCA42B63CB7}.Debug|x64.Build.0 = Debug|x64
		{CB9B2946-80D4-4B0E-8473-DCCA42B63CB7}.Debug|x86.ActiveCfg = Debug|Win32
		{CB9B2946-80D4-4B0E-8473-DCCA42B63CB7}.Debug|x86.Build.0 = Debug|Win32
		{CB9B2946-80D4-4B0E-8473-DCCA42B63CB7}.Release|Any CPU.ActiveCfg = Release|x64
		{CB9B2946-80D4-4B0E-8473-DCCA42B63CB7}.Release|Any CPU.Build.0 = Release|x64
		{CB9B2946-80D4-4B0E-8473-DCCA42B63CB7}.Release|ARM64.ActiveCfg = Release|ARM64
		{CB9B2946-80D4-4B0E-8473-DCCA42B63CB7}.Release|ARM64.Build.0 = Release|ARM64
		{CB9B2946-80D4-4B0E-8473-DCCA42B63CB7}.Release|x64.ActiveCfg = Release|x64
		{CB9B2946-80D4-4B0E-8473-DCCA42B63CB7}.Release|x64.Build.0 = Release|x64
		{CB9B2946-80D4-4B0E-8473-DCCA42B63CB7}.Release|x86.ActiveCfg = Release|Win32
		{CB9B2946-80D4-4B0E-8473-DCCA42B63CB7}.Release|x86.Build.0 = Release|Win32
		{813E7FF5-0484-459D-A692-1305D2BA3343}.Debug|Any CPU.ActiveCfg = Debug|Any CPU
		{813E7FF5-0484-459D-A692-1305D2BA3343}.Debug|Any CPU.Build.0 = Debug|Any CPU
		{813E7FF5-0484-459D-A692-1305D2BA3343}.Debug|ARM64.ActiveCfg = Debug|Any CPU
		{813E7FF5-0484-459D-A692-1305D2BA3343}.Debug|ARM64.Build.0 = Debug|Any CPU
		{813E7FF5-0484-459D-A692-1305D2BA3343}.Debug|x64.ActiveCfg = Debug|Any CPU
		{813E7FF5-0484-459D-A692-1305D2BA3343}.Debug|x64.Build.0 = Debug|Any CPU
		{813E7FF5-0484-459D-A692-1305D2BA3343}.Debug|x86.ActiveCfg = Debug|Any CPU
		{813E7FF5-0484-459D-A692-1305D2BA3343}.Debug|x86.Build.0 = Debug|Any CPU
		{813E7FF5-0484-459D-A692-1305D2BA3343}.Release|Any CPU.ActiveCfg = Release|Any CPU
		{813E7FF5-0484-459D-A692-1305D2BA3343}.Release|Any CPU.Build.0 = Release|Any CPU
		{813E7FF5-0484-459D-A692-1305D2BA3343}.Release|ARM64.ActiveCfg = Release|Any CPU
		{813E7FF5-0484-459D-A692-1305D2BA3343}.Release|ARM64.Build.0 = Release|Any CPU
		{813E7FF5-0484-459D-A692-1305D2BA3343}.Release|x64.ActiveCfg = Release|Any CPU
		{813E7FF5-0484-459D-A692-1305D2BA3343}.Release|x64.Build.0 = Release|Any CPU
		{813E7FF5-0484-459D-A692-1305D2BA3343}.Release|x86.ActiveCfg = Release|Any CPU
		{813E7FF5-0484-459D-A692-1305D2BA3343}.Release|x86.Build.0 = Release|Any CPU
		{9E017564-48D8-49F7-8867-C8EE5A160A76}.Debug|Any CPU.ActiveCfg = Debug|x64
		{9E017564-48D8-49F7-8867-C8EE5A160A76}.Debug|Any CPU.Build.0 = Debug|x64
		{9E017564-48D8-49F7-8867-C8EE5A160A76}.Debug|ARM64.ActiveCfg = Debug|ARM64
		{9E017564-48D8-49F7-8867-C8EE5A160A76}.Debug|ARM64.Build.0 = Debug|ARM64
		{9E017564-48D8-49F7-8867-C8EE5A160A76}.Debug|x64.ActiveCfg = Debug|x64
		{9E017564-48D8-49F7-8867-C8EE5A160A76}.Debug|x64.Build.0 = Debug|x64
		{9E017564-48D8-49F7-8867-C8EE5A160A76}.Debug|x86.ActiveCfg = Debug|Win32
		{9E017564-48D8-49F7-8867-C8EE5A160A76}.Debug|x86.Build.0 = Debug|Win32
		{9E017564-48D8-49F7-8867-C8EE5A160A76}.Release|Any CPU.ActiveCfg = Release|x64
		{9E017564-48D8-49F7-8867-C8EE5A160A76}.Release|Any CPU.Build.0 = Release|x64
		{9E017564-48D8-49F7-8867-C8EE5A160A76}.Release|ARM64.ActiveCfg = Release|ARM64
		{9E017564-48D8-49F7-8867-C8EE5A160A76}.Release|ARM64.Build.0 = Release|ARM64
		{9E017564-48D8-49F7-8867-C8EE5A160A76}.Release|x64.ActiveCfg = Release|x64
		{9E017564-48D8-49F7-8867-C8EE5A160A76}.Release|x64.Build.0 = Release|x64
		{9E017564-48D8-49F7-8867-C8EE5A160A76}.Release|x86.ActiveCfg = Release|Win32
		{9E017564-48D8-49F7-8867-C8EE5A160A76}.Release|x86.Build.0 = Release|Win32
		{9FCEB29A-7D7B-41D7-928A-7FDE3D6E88E0}.Debug|Any CPU.ActiveCfg = Debug|x86
		{9FCEB29A-7D7B-41D7-928A-7FDE3D6E88E0}.Debug|Any CPU.Build.0 = Debug|x86
		{9FCEB29A-7D7B-41D7-928A-7FDE3D6E88E0}.Debug|ARM64.ActiveCfg = Debug|ARM64
		{9FCEB29A-7D7B-41D7-928A-7FDE3D6E88E0}.Debug|ARM64.Build.0 = Debug|ARM64
		{9FCEB29A-7D7B-41D7-928A-7FDE3D6E88E0}.Debug|x64.ActiveCfg = Debug|x64
		{9FCEB29A-7D7B-41D7-928A-7FDE3D6E88E0}.Debug|x64.Build.0 = Debug|x64
		{9FCEB29A-7D7B-41D7-928A-7FDE3D6E88E0}.Debug|x86.ActiveCfg = Debug|x86
		{9FCEB29A-7D7B-41D7-928A-7FDE3D6E88E0}.Debug|x86.Build.0 = Debug|x86
		{9FCEB29A-7D7B-41D7-928A-7FDE3D6E88E0}.Release|Any CPU.ActiveCfg = Release|Any CPU
		{9FCEB29A-7D7B-41D7-928A-7FDE3D6E88E0}.Release|Any CPU.Build.0 = Release|Any CPU
		{9FCEB29A-7D7B-41D7-928A-7FDE3D6E88E0}.Release|ARM64.ActiveCfg = Release|ARM64
		{9FCEB29A-7D7B-41D7-928A-7FDE3D6E88E0}.Release|ARM64.Build.0 = Release|ARM64
		{9FCEB29A-7D7B-41D7-928A-7FDE3D6E88E0}.Release|x64.ActiveCfg = Release|x64
		{9FCEB29A-7D7B-41D7-928A-7FDE3D6E88E0}.Release|x64.Build.0 = Release|x64
		{9FCEB29A-7D7B-41D7-928A-7FDE3D6E88E0}.Release|x86.ActiveCfg = Release|x86
		{9FCEB29A-7D7B-41D7-928A-7FDE3D6E88E0}.Release|x86.Build.0 = Release|x86
	EndGlobalSection
	GlobalSection(SolutionProperties) = preSolution
		HideSolutionNode = FALSE
	EndGlobalSection
	GlobalSection(NestedProjects) = preSolution
		{CB9B2946-80D4-4B0E-8473-DCCA42B63CB7} = {52D79523-95E7-44E4-9C84-26175E436BFF}
		{813E7FF5-0484-459D-A692-1305D2BA3343} = {52D79523-95E7-44E4-9C84-26175E436BFF}
		{9E017564-48D8-49F7-8867-C8EE5A160A76} = {52D79523-95E7-44E4-9C84-26175E436BFF}
	EndGlobalSection
	GlobalSection(ExtensibilityGlobals) = postSolution
		SolutionGuid = {D1378D3B-CBB0-4791-81B6-53619A3EAFDF}
	EndGlobalSection
EndGlobal
