
Microsoft Visual Studio Solution File, Format Version 12.00
# Visual Studio Version 17
VisualStudioVersion = 17.6.33815.320
MinimumVisualStudioVersion = 10.0.40219.1
Project("{8BC9CEB8-8B4A-11D0-8D11-00A0C91BC942}") = "WinUi3App", "WinUi3App\WinUi3App.vcxproj", "{679B80A3-09CE-4584-87AD-F2E12E65F8ED}"
EndProject
Project("{8BC9CEB8-8B4A-11D0-8D11-00A0C91BC942}") = "UwpApp", "UwpApp\UwpApp.vcxproj", "{042F5DFB-4C0A-416C-BC87-39E743DC9A39}"
EndProject
Project("{C7167F0D-BC9F-4E6E-AFE1-012C56B48DB5}") = "AppPackaging", "AppPackaging\AppPackaging.wapproj", "{70C46439-7FB8-465B-993C-BE0AF08E1651}"
EndProject
Global
	GlobalSection(SolutionConfigurationPlatforms) = preSolution
		Debug|Any CPU = Debug|Any CPU
		Debug|ARM = Debug|ARM
		Debug|ARM64 = Debug|ARM64
		Debug|x64 = Debug|x64
		Debug|x86 = Debug|x86
		Release|Any CPU = Release|Any CPU
		Release|ARM = Release|ARM
		Release|ARM64 = Release|ARM64
		Release|x64 = Release|x64
		Release|x86 = Release|x86
	EndGlobalSection
	GlobalSection(ProjectConfigurationPlatforms) = postSolution
		{679B80A3-09CE-4584-87AD-F2E12E65F8ED}.Debug|Any CPU.ActiveCfg = Debug|x64
		{679B80A3-09CE-4584-87AD-F2E12E65F8ED}.Debug|Any CPU.Build.0 = Debug|x64
		{679B80A3-09CE-4584-87AD-F2E12E65F8ED}.Debug|Any CPU.Deploy.0 = Debug|x64
		{679B80A3-09CE-4584-87AD-F2E12E65F8ED}.Debug|ARM.ActiveCfg = Debug|x64
		{679B80A3-09CE-4584-87AD-F2E12E65F8ED}.Debug|ARM.Build.0 = Debug|x64
		{679B80A3-09CE-4584-87AD-F2E12E65F8ED}.Debug|ARM.Deploy.0 = Debug|x64
		{679B80A3-09CE-4584-87AD-F2E12E65F8ED}.Debug|ARM64.ActiveCfg = Debug|ARM64
		{679B80A3-09CE-4584-87AD-F2E12E65F8ED}.Debug|ARM64.Build.0 = Debug|ARM64
		{679B80A3-09CE-4584-87AD-F2E12E65F8ED}.Debug|ARM64.Deploy.0 = Debug|ARM64
		{679B80A3-09CE-4584-87AD-F2E12E65F8ED}.Debug|x64.ActiveCfg = Debug|x64
		{679B80A3-09CE-4584-87AD-F2E12E65F8ED}.Debug|x64.Build.0 = Debug|x64
		{679B80A3-09CE-4584-87AD-F2E12E65F8ED}.Debug|x86.ActiveCfg = Debug|Win32
		{679B80A3-09CE-4584-87AD-F2E12E65F8ED}.Debug|x86.Build.0 = Debug|Win32
		{679B80A3-09CE-4584-87AD-F2E12E65F8ED}.Debug|x86.Deploy.0 = Debug|Win32
		{679B80A3-09CE-4584-87AD-F2E12E65F8ED}.Release|Any CPU.ActiveCfg = Release|x64
		{679B80A3-09CE-4584-87AD-F2E12E65F8ED}.Release|Any CPU.Build.0 = Release|x64
		{679B80A3-09CE-4584-87AD-F2E12E65F8ED}.Release|Any CPU.Deploy.0 = Release|x64
		{679B80A3-09CE-4584-87AD-F2E12E65F8ED}.Release|ARM.ActiveCfg = Release|x64
		{679B80A3-09CE-4584-87AD-F2E12E65F8ED}.Release|ARM.Build.0 = Release|x64
		{679B80A3-09CE-4584-87AD-F2E12E65F8ED}.Release|ARM.Deploy.0 = Release|x64
		{679B80A3-09CE-4584-87AD-F2E12E65F8ED}.Release|ARM64.ActiveCfg = Release|ARM64
		{679B80A3-09CE-4584-87AD-F2E12E65F8ED}.Release|ARM64.Build.0 = Release|ARM64
		{679B80A3-09CE-4584-87AD-F2E12E65F8ED}.Release|ARM64.Deploy.0 = Release|ARM64
		{679B80A3-09CE-4584-87AD-F2E12E65F8ED}.Release|x64.ActiveCfg = Release|x64
		{679B80A3-09CE-4584-87AD-F2E12E65F8ED}.Release|x64.Build.0 = Release|x64
		{679B80A3-09CE-4584-87AD-F2E12E65F8ED}.Release|x64.Deploy.0 = Release|x64
		{679B80A3-09CE-4584-87AD-F2E12E65F8ED}.Release|x86.ActiveCfg = Release|Win32
		{679B80A3-09CE-4584-87AD-F2E12E65F8ED}.Release|x86.Build.0 = Release|Win32
		{679B80A3-09CE-4584-87AD-F2E12E65F8ED}.Release|x86.Deploy.0 = Release|Win32
		{042F5DFB-4C0A-416C-BC87-39E743DC9A39}.Debug|Any CPU.ActiveCfg = Debug|x64
		{042F5DFB-4C0A-416C-BC87-39E743DC9A39}.Debug|Any CPU.Build.0 = Debug|x64
		{042F5DFB-4C0A-416C-BC87-39E743DC9A39}.Debug|Any CPU.Deploy.0 = Debug|x64
		{042F5DFB-4C0A-416C-BC87-39E743DC9A39}.Debug|ARM.ActiveCfg = Debug|ARM
		{042F5DFB-4C0A-416C-BC87-39E743DC9A39}.Debug|ARM.Build.0 = Debug|ARM
		{042F5DFB-4C0A-416C-BC87-39E743DC9A39}.Debug|ARM.Deploy.0 = Debug|ARM
		{042F5DFB-4C0A-416C-BC87-39E743DC9A39}.Debug|ARM64.ActiveCfg = Debug|ARM64
		{042F5DFB-4C0A-416C-BC87-39E743DC9A39}.Debug|ARM64.Build.0 = Debug|ARM64
		{042F5DFB-4C0A-416C-BC87-39E743DC9A39}.Debug|ARM64.Deploy.0 = Debug|ARM64
		{042F5DFB-4C0A-416C-BC87-39E743DC9A39}.Debug|x64.ActiveCfg = Debug|x64
		{042F5DFB-4C0A-416C-BC87-39E743DC9A39}.Debug|x64.Build.0 = Debug|x64
		{042F5DFB-4C0A-416C-BC87-39E743DC9A39}.Debug|x86.ActiveCfg = Debug|Win32
		{042F5DFB-4C0A-416C-BC87-39E743DC9A39}.Debug|x86.Build.0 = Debug|Win32
		{042F5DFB-4C0A-416C-BC87-39E743DC9A39}.Debug|x86.Deploy.0 = Debug|Win32
		{042F5DFB-4C0A-416C-BC87-39E743DC9A39}.Release|Any CPU.ActiveCfg = Release|x64
		{042F5DFB-4C0A-416C-BC87-39E743DC9A39}.Release|Any CPU.Build.0 = Release|x64
		{042F5DFB-4C0A-416C-BC87-39E743DC9A39}.Release|Any CPU.Deploy.0 = Release|x64
		{042F5DFB-4C0A-416C-BC87-39E743DC9A39}.Release|ARM.ActiveCfg = Release|ARM
		{042F5DFB-4C0A-416C-BC87-39E743DC9A39}.Release|ARM.Build.0 = Release|ARM
		{042F5DFB-4C0A-416C-BC87-39E743DC9A39}.Release|ARM.Deploy.0 = Release|ARM
		{042F5DFB-4C0A-416C-BC87-39E743DC9A39}.Release|ARM64.ActiveCfg = Release|ARM64
		{042F5DFB-4C0A-416C-BC87-39E743DC9A39}.Release|ARM64.Build.0 = Release|ARM64
		{042F5DFB-4C0A-416C-BC87-39E743DC9A39}.Release|ARM64.Deploy.0 = Release|ARM64
		{042F5DFB-4C0A-416C-BC87-39E743DC9A39}.Release|x64.ActiveCfg = Release|x64
		{042F5DFB-4C0A-416C-BC87-39E743DC9A39}.Release|x64.Build.0 = Release|x64
		{042F5DFB-4C0A-416C-BC87-39E743DC9A39}.Release|x64.Deploy.0 = Release|x64
		{042F5DFB-4C0A-416C-BC87-39E743DC9A39}.Release|x86.ActiveCfg = Release|Win32
		{042F5DFB-4C0A-416C-BC87-39E743DC9A39}.Release|x86.Build.0 = Release|Win32
		{042F5DFB-4C0A-416C-BC87-39E743DC9A39}.Release|x86.Deploy.0 = Release|Win32
		{70C46439-7FB8-465B-993C-BE0AF08E1651}.Debug|Any CPU.ActiveCfg = Debug|Any CPU
		{70C46439-7FB8-465B-993C-BE0AF08E1651}.Debug|Any CPU.Build.0 = Debug|Any CPU
		{70C46439-7FB8-465B-993C-BE0AF08E1651}.Debug|Any CPU.Deploy.0 = Debug|Any CPU
		{70C46439-7FB8-465B-993C-BE0AF08E1651}.Debug|ARM.ActiveCfg = Debug|ARM
		{70C46439-7FB8-465B-993C-BE0AF08E1651}.Debug|ARM.Build.0 = Debug|ARM
		{70C46439-7FB8-465B-993C-BE0AF08E1651}.Debug|ARM.Deploy.0 = Debug|ARM
		{70C46439-7FB8-465B-993C-BE0AF08E1651}.Debug|ARM64.ActiveCfg = Debug|ARM64
		{70C46439-7FB8-465B-993C-BE0AF08E1651}.Debug|ARM64.Build.0 = Debug|ARM64
		{70C46439-7FB8-465B-993C-BE0AF08E1651}.Debug|ARM64.Deploy.0 = Debug|ARM64
		{70C46439-7FB8-465B-993C-BE0AF08E1651}.Debug|x64.ActiveCfg = Debug|x64
		{70C46439-7FB8-465B-993C-BE0AF08E1651}.Debug|x64.Build.0 = Debug|x64
		{70C46439-7FB8-465B-993C-BE0AF08E1651}.Debug|x64.Deploy.0 = Debug|x64
		{70C46439-7FB8-465B-993C-BE0AF08E1651}.Debug|x86.ActiveCfg = Debug|x86
		{70C46439-7FB8-465B-993C-BE0AF08E1651}.Debug|x86.Build.0 = Debug|x86
		{70C46439-7FB8-465B-993C-BE0AF08E1651}.Debug|x86.Deploy.0 = Debug|x86
		{70C46439-7FB8-465B-993C-BE0AF08E1651}.Release|Any CPU.ActiveCfg = Release|Any CPU
		{70C46439-7FB8-465B-993C-BE0AF08E1651}.Release|Any CPU.Build.0 = Release|Any CPU
		{70C46439-7FB8-465B-993C-BE0AF08E1651}.Release|Any CPU.Deploy.0 = Release|Any CPU
		{70C46439-7FB8-465B-993C-BE0AF08E1651}.Release|ARM.ActiveCfg = Release|ARM
		{70C46439-7FB8-465B-993C-BE0AF08E1651}.Release|ARM.Build.0 = Release|ARM
		{70C46439-7FB8-465B-993C-BE0AF08E1651}.Release|ARM.Deploy.0 = Release|ARM
		{70C46439-7FB8-465B-993C-BE0AF08E1651}.Release|ARM64.ActiveCfg = Release|ARM64
		{70C46439-7FB8-465B-993C-BE0AF08E1651}.Release|ARM64.Build.0 = Release|ARM64
		{70C46439-7FB8-465B-993C-BE0AF08E1651}.Release|ARM64.Deploy.0 = Release|ARM64
		{70C46439-7FB8-465B-993C-BE0AF08E1651}.Release|x64.ActiveCfg = Release|x64
		{70C46439-7FB8-465B-993C-BE0AF08E1651}.Release|x64.Build.0 = Release|x64
		{70C46439-7FB8-465B-993C-BE0AF08E1651}.Release|x64.Deploy.0 = Release|x64
		{70C46439-7FB8-465B-993C-BE0AF08E1651}.Release|x86.ActiveCfg = Release|x86
		{70C46439-7FB8-465B-993C-BE0AF08E1651}.Release|x86.Build.0 = Release|x86
		{70C46439-7FB8-465B-993C-BE0AF08E1651}.Release|x86.Deploy.0 = Release|x86
	EndGlobalSection
	GlobalSection(SolutionProperties) = preSolution
		HideSolutionNode = FALSE
	EndGlobalSection
	GlobalSection(ExtensibilityGlobals) = postSolution
		SolutionGuid = {518F8B01-CA5B-4140-A1B5-1ED0AD0A5B14}
	EndGlobalSection
EndGlobal
