
Microsoft Visual Studio Solution File, Format Version 12.00
# Visual Studio Version 17
VisualStudioVersion = 17.6.33927.249
MinimumVisualStudioVersion = 10.0.40219.1
Project("{8BC9CEB8-8B4A-11D0-8D11-00A0C91BC942}") = "NativeAotApp", "NativeAotApp\NativeAotApp.vcxproj", "{ED13C410-ADDD-48DF-9DF0-D199E6DCA810}"
EndProject
Project("{FAE04EC0-301F-11D3-BF4B-00C04F79EFBC}") = "MyDotNetLib", "MyDotNetLib\MyDotNetLib.csproj", "{B57E3210-96BB-4735-B9E2-82A214953F68}"
EndProject
Project("{FAE04EC0-301F-11D3-BF4B-00C04F79EFBC}") = "MyDotNetApp", "MyDotNetApp\MyDotNetApp.csproj", "{ABD4D311-E7E9-4748-94FB-98EF7563804C}"
EndProject
Project("{2150E333-8FDC-42A3-9474-1A3956D46DE8}") = "DotNet", "DotNet", "{4A649214-3C27-4AF6-B9C4-05F42145E561}"
EndProject
Global
	GlobalSection(SolutionConfigurationPlatforms) = preSolution
		Debug|Any CPU = Debug|Any CPU
		Debug|ARM64 = Debug|ARM64
		Debug|x64 = Debug|x64
		Debug|x86 = Debug|x86
		Release|Any CPU = Release|Any CPU
		Release|ARM64 = Release|ARM64
		Release|x64 = Release|x64
		Release|x86 = Release|x86
	EndGlobalSection
	GlobalSection(ProjectConfigurationPlatforms) = postSolution
		{ED13C410-ADDD-48DF-9DF0-D199E6DCA810}.Debug|Any CPU.ActiveCfg = Debug|x64
		{ED13C410-ADDD-48DF-9DF0-D199E6DCA810}.Debug|Any CPU.Build.0 = Debug|x64
		{ED13C410-ADDD-48DF-9DF0-D199E6DCA810}.Debug|Any CPU.Deploy.0 = Debug|x64
		{ED13C410-ADDD-48DF-9DF0-D199E6DCA810}.Debug|ARM64.ActiveCfg = Debug|ARM64
		{ED13C410-ADDD-48DF-9DF0-D199E6DCA810}.Debug|ARM64.Build.0 = Debug|ARM64
		{ED13C410-ADDD-48DF-9DF0-D199E6DCA810}.Debug|ARM64.Deploy.0 = Debug|ARM64
		{ED13C410-ADDD-48DF-9DF0-D199E6DCA810}.Debug|x64.ActiveCfg = Debug|x64
		{ED13C410-ADDD-48DF-9DF0-D199E6DCA810}.Debug|x64.Build.0 = Debug|x64
		{ED13C410-ADDD-48DF-9DF0-D199E6DCA810}.Debug|x64.Deploy.0 = Debug|x64
		{ED13C410-ADDD-48DF-9DF0-D199E6DCA810}.Debug|x86.ActiveCfg = Debug|Win32
		{ED13C410-ADDD-48DF-9DF0-D199E6DCA810}.Debug|x86.Build.0 = Debug|Win32
		{ED13C410-ADDD-48DF-9DF0-D199E6DCA810}.Debug|x86.Deploy.0 = Debug|Win32
		{ED13C410-ADDD-48DF-9DF0-D199E6DCA810}.Release|Any CPU.ActiveCfg = Release|x64
		{ED13C410-ADDD-48DF-9DF0-D199E6DCA810}.Release|Any CPU.Build.0 = Release|x64
		{ED13C410-ADDD-48DF-9DF0-D199E6DCA810}.Release|Any CPU.Deploy.0 = Release|x64
		{ED13C410-ADDD-48DF-9DF0-D199E6DCA810}.Release|ARM64.ActiveCfg = Release|ARM64
		{ED13C410-ADDD-48DF-9DF0-D199E6DCA810}.Release|ARM64.Build.0 = Release|ARM64
		{ED13C410-ADDD-48DF-9DF0-D199E6DCA810}.Release|ARM64.Deploy.0 = Release|ARM64
		{ED13C410-ADDD-48DF-9DF0-D199E6DCA810}.Release|x64.ActiveCfg = Release|x64
		{ED13C410-ADDD-48DF-9DF0-D199E6DCA810}.Release|x64.Build.0 = Release|x64
		{ED13C410-ADDD-48DF-9DF0-D199E6DCA810}.Release|x64.Deploy.0 = Release|x64
		{ED13C410-ADDD-48DF-9DF0-D199E6DCA810}.Release|x86.ActiveCfg = Release|Win32
		{ED13C410-ADDD-48DF-9DF0-D199E6DCA810}.Release|x86.Build.0 = Release|Win32
		{ED13C410-ADDD-48DF-9DF0-D199E6DCA810}.Release|x86.Deploy.0 = Release|Win32
		{B57E3210-96BB-4735-B9E2-82A214953F68}.Debug|Any CPU.ActiveCfg = Debug|Any CPU
		{B57E3210-96BB-4735-B9E2-82A214953F68}.Debug|Any CPU.Build.0 = Debug|Any CPU
		{B57E3210-96BB-4735-B9E2-82A214953F68}.Debug|ARM64.ActiveCfg = Debug|ARM64
		{B57E3210-96BB-4735-B9E2-82A214953F68}.Debug|ARM64.Build.0 = Debug|ARM64
		{B57E3210-96BB-4735-B9E2-82A214953F68}.Debug|x64.ActiveCfg = Debug|x64
		{B57E3210-96BB-4735-B9E2-82A214953F68}.Debug|x64.Build.0 = Debug|x64
		{B57E3210-96BB-4735-B9E2-82A214953F68}.Debug|x86.ActiveCfg = Debug|x86
		{B57E3210-96BB-4735-B9E2-82A214953F68}.Debug|x86.Build.0 = Debug|x86
		{B57E3210-96BB-4735-B9E2-82A214953F68}.Release|Any CPU.ActiveCfg = Release|Any CPU
		{B57E3210-96BB-4735-B9E2-82A214953F68}.Release|Any CPU.Build.0 = Release|Any CPU
		{B57E3210-96BB-4735-B9E2-82A214953F68}.Release|ARM64.ActiveCfg = Release|ARM64
		{B57E3210-96BB-4735-B9E2-82A214953F68}.Release|ARM64.Build.0 = Release|ARM64
		{B57E3210-96BB-4735-B9E2-82A214953F68}.Release|x64.ActiveCfg = Release|x64
		{B57E3210-96BB-4735-B9E2-82A214953F68}.Release|x64.Build.0 = Release|x64
		{B57E3210-96BB-4735-B9E2-82A214953F68}.Release|x86.ActiveCfg = Release|x86
		{B57E3210-96BB-4735-B9E2-82A214953F68}.Release|x86.Build.0 = Release|x86
		{ABD4D311-E7E9-4748-94FB-98EF7563804C}.Debug|Any CPU.ActiveCfg = Debug|Any CPU
		{ABD4D311-E7E9-4748-94FB-98EF7563804C}.Debug|Any CPU.Build.0 = Debug|Any CPU
		{ABD4D311-E7E9-4748-94FB-98EF7563804C}.Debug|ARM64.ActiveCfg = Debug|ARM64
		{ABD4D311-E7E9-4748-94FB-98EF7563804C}.Debug|ARM64.Build.0 = Debug|ARM64
		{ABD4D311-E7E9-4748-94FB-98EF7563804C}.Debug|x64.ActiveCfg = Debug|x64
		{ABD4D311-E7E9-4748-94FB-98EF7563804C}.Debug|x64.Build.0 = Debug|x64
		{ABD4D311-E7E9-4748-94FB-98EF7563804C}.Debug|x86.ActiveCfg = Debug|x86
		{ABD4D311-E7E9-4748-94FB-98EF7563804C}.Debug|x86.Build.0 = Debug|x86
		{ABD4D311-E7E9-4748-94FB-98EF7563804C}.Release|Any CPU.ActiveCfg = Release|Any CPU
		{ABD4D311-E7E9-4748-94FB-98EF7563804C}.Release|Any CPU.Build.0 = Release|Any CPU
		{ABD4D311-E7E9-4748-94FB-98EF7563804C}.Release|ARM64.ActiveCfg = Release|ARM64
		{ABD4D311-E7E9-4748-94FB-98EF7563804C}.Release|ARM64.Build.0 = Release|ARM64
		{ABD4D311-E7E9-4748-94FB-98EF7563804C}.Release|x64.ActiveCfg = Release|x64
		{ABD4D311-E7E9-4748-94FB-98EF7563804C}.Release|x64.Build.0 = Release|x64
		{ABD4D311-E7E9-4748-94FB-98EF7563804C}.Release|x86.ActiveCfg = Release|x86
		{ABD4D311-E7E9-4748-94FB-98EF7563804C}.Release|x86.Build.0 = Release|x86
	EndGlobalSection
	GlobalSection(SolutionProperties) = preSolution
		HideSolutionNode = FALSE
	EndGlobalSection
	GlobalSection(NestedProjects) = preSolution
		{B57E3210-96BB-4735-B9E2-82A214953F68} = {4A649214-3C27-4AF6-B9C4-05F42145E561}
		{ABD4D311-E7E9-4748-94FB-98EF7563804C} = {4A649214-3C27-4AF6-B9C4-05F42145E561}
	EndGlobalSection
	GlobalSection(ExtensibilityGlobals) = postSolution
		SolutionGuid = {5F0F759B-9FAB-45C4-9FF8-BD896702F91C}
	EndGlobalSection
EndGlobal
