
Microsoft Visual Studio Solution File, Format Version 12.00
# Visual Studio Version 17
VisualStudioVersion = 17.8.34316.72
MinimumVisualStudioVersion = 10.0.40219.1
Project("{C7167F0D-BC9F-4E6E-AFE1-012C56B48DB5}") = "COM.PackageApp (Package)", "COMServerApp\COMServerApp (Package)\COM.PackageApp (Package).wapproj", "{87E99E95-EEC2-45BB-8E0F-474806571ED9}"
EndProject
Project("{8BC9CEB8-8B4A-11D0-8D11-00A0C91BC942}") = "COM.ServerApp", "COMServerApp\COMServerApp\COMServerApp.vcxproj", "{7CC474BD-B4B8-4468-83F4-55511B1A1176}"
EndProject
Project("{8BC9CEB8-8B4A-11D0-8D11-00A0C91BC942}") = "COM.ClientApp", "COM.ClientApp\COM.ClientApp\COM.ClientApp.vcxproj", "{04C56151-951E-48FB-96A2-932E61C944F3}"
EndProject
Project("{8BC9CEB8-8B4A-11D0-8D11-00A0C91BC942}") = "COM.ServerLib", "COM.ServerLib\COM.ServerLib.vcxproj", "{642E2499-527A-4675-A4A2-AFACBC6BEC17}"
EndProject
Project("{8BC9CEB8-8B4A-11D0-8D11-00A0C91BC942}") = "COM.Server.Proxy", "COM.Server.Proxy\COM.Server.Proxy.vcxproj", "{DD520682-1E32-4D22-9618-D4EA433311B7}"
EndProject
Project("{2150E333-8FDC-42A3-9474-1A3956D46DE8}") = "Client", "Client", "{36EA2C2E-4951-4DBA-A704-CFC8176CA016}"
EndProject
Project("{2150E333-8FDC-42A3-9474-1A3956D46DE8}") = "Server", "Server", "{BE9256D1-4C6C-47C4-85ED-F2C424D413BC}"
EndProject
Project("{2150E333-8FDC-42A3-9474-1A3956D46DE8}") = "Proxy", "Proxy", "{F0B138AC-745C-4DF5-BBF0-05354F17CDB6}"
EndProject
Global
	GlobalSection(SolutionConfigurationPlatforms) = preSolution
		Debug|ARM64 = Debug|ARM64
		Debug|x64 = Debug|x64
		Release|ARM64 = Release|ARM64
		Release|x64 = Release|x64
	EndGlobalSection
	GlobalSection(ProjectConfigurationPlatforms) = postSolution
		{87E99E95-EEC2-45BB-8E0F-474806571ED9}.Debug|ARM64.ActiveCfg = Debug|ARM64
		{87E99E95-EEC2-45BB-8E0F-474806571ED9}.Debug|ARM64.Build.0 = Debug|ARM64
		{87E99E95-EEC2-45BB-8E0F-474806571ED9}.Debug|ARM64.Deploy.0 = Debug|ARM64
		{87E99E95-EEC2-45BB-8E0F-474806571ED9}.Debug|x64.ActiveCfg = Debug|x64
		{87E99E95-EEC2-45BB-8E0F-474806571ED9}.Debug|x64.Build.0 = Debug|x64
		{87E99E95-EEC2-45BB-8E0F-474806571ED9}.Debug|x64.Deploy.0 = Debug|x64
		{87E99E95-EEC2-45BB-8E0F-474806571ED9}.Release|ARM64.ActiveCfg = Release|ARM64
		{87E99E95-EEC2-45BB-8E0F-474806571ED9}.Release|ARM64.Build.0 = Release|ARM64
		{87E99E95-EEC2-45BB-8E0F-474806571ED9}.Release|ARM64.Deploy.0 = Release|ARM64
		{87E99E95-EEC2-45BB-8E0F-474806571ED9}.Release|x64.ActiveCfg = Release|x64
		{87E99E95-EEC2-45BB-8E0F-474806571ED9}.Release|x64.Build.0 = Release|x64
		{87E99E95-EEC2-45BB-8E0F-474806571ED9}.Release|x64.Deploy.0 = Release|x64
		{7CC474BD-B4B8-4468-83F4-55511B1A1176}.Debug|ARM64.ActiveCfg = Debug|ARM64
		{7CC474BD-B4B8-4468-83F4-55511B1A1176}.Debug|ARM64.Build.0 = Debug|ARM64
		{7CC474BD-B4B8-4468-83F4-55511B1A1176}.Debug|x64.ActiveCfg = Debug|x64
		{7CC474BD-B4B8-4468-83F4-55511B1A1176}.Debug|x64.Build.0 = Debug|x64
		{7CC474BD-B4B8-4468-83F4-55511B1A1176}.Release|ARM64.ActiveCfg = Release|ARM64
		{7CC474BD-B4B8-4468-83F4-55511B1A1176}.Release|ARM64.Build.0 = Release|ARM64
		{7CC474BD-B4B8-4468-83F4-55511B1A1176}.Release|x64.ActiveCfg = Release|x64
		{7CC474BD-B4B8-4468-83F4-55511B1A1176}.Release|x64.Build.0 = Release|x64
		{04C56151-951E-48FB-96A2-932E61C944F3}.Debug|ARM64.ActiveCfg = Debug|ARM64
		{04C56151-951E-48FB-96A2-932E61C944F3}.Debug|ARM64.Build.0 = Debug|ARM64
		{04C56151-951E-48FB-96A2-932E61C944F3}.Debug|x64.ActiveCfg = Debug|x64
		{04C56151-951E-48FB-96A2-932E61C944F3}.Debug|x64.Build.0 = Debug|x64
		{04C56151-951E-48FB-96A2-932E61C944F3}.Release|ARM64.ActiveCfg = Release|ARM64
		{04C56151-951E-48FB-96A2-932E61C944F3}.Release|ARM64.Build.0 = Release|ARM64
		{04C56151-951E-48FB-96A2-932E61C944F3}.Release|x64.ActiveCfg = Release|x64
		{04C56151-951E-48FB-96A2-932E61C944F3}.Release|x64.Build.0 = Release|x64
		{642E2499-527A-4675-A4A2-AFACBC6BEC17}.Debug|ARM64.ActiveCfg = Debug|ARM64
		{642E2499-527A-4675-A4A2-AFACBC6BEC17}.Debug|ARM64.Build.0 = Debug|ARM64
		{642E2499-527A-4675-A4A2-AFACBC6BEC17}.Debug|x64.ActiveCfg = Debug|x64
		{642E2499-527A-4675-A4A2-AFACBC6BEC17}.Debug|x64.Build.0 = Debug|x64
		{642E2499-527A-4675-A4A2-AFACBC6BEC17}.Release|ARM64.ActiveCfg = Release|ARM64
		{642E2499-527A-4675-A4A2-AFACBC6BEC17}.Release|ARM64.Build.0 = Release|ARM64
		{642E2499-527A-4675-A4A2-AFACBC6BEC17}.Release|x64.ActiveCfg = Release|x64
		{642E2499-527A-4675-A4A2-AFACBC6BEC17}.Release|x64.Build.0 = Release|x64
		{DD520682-1E32-4D22-9618-D4EA433311B7}.Debug|ARM64.ActiveCfg = Debug|ARM64
		{DD520682-1E32-4D22-9618-D4EA433311B7}.Debug|ARM64.Build.0 = Debug|ARM64
		{DD520682-1E32-4D22-9618-D4EA433311B7}.Debug|x64.ActiveCfg = Debug|x64
		{DD520682-1E32-4D22-9618-D4EA433311B7}.Debug|x64.Build.0 = Debug|x64
		{DD520682-1E32-4D22-9618-D4EA433311B7}.Release|ARM64.ActiveCfg = Release|ARM64
		{DD520682-1E32-4D22-9618-D4EA433311B7}.Release|ARM64.Build.0 = Release|ARM64
		{DD520682-1E32-4D22-9618-D4EA433311B7}.Release|x64.ActiveCfg = Release|x64
		{DD520682-1E32-4D22-9618-D4EA433311B7}.Release|x64.Build.0 = Release|x64
	EndGlobalSection
	GlobalSection(SolutionProperties) = preSolution
		HideSolutionNode = FALSE
	EndGlobalSection
	GlobalSection(NestedProjects) = preSolution
		{7CC474BD-B4B8-4468-83F4-55511B1A1176} = {BE9256D1-4C6C-47C4-85ED-F2C424D413BC}
		{04C56151-951E-48FB-96A2-932E61C944F3} = {36EA2C2E-4951-4DBA-A704-CFC8176CA016}
		{642E2499-527A-4675-A4A2-AFACBC6BEC17} = {F0B138AC-745C-4DF5-BBF0-05354F17CDB6}
		{DD520682-1E32-4D22-9618-D4EA433311B7} = {F0B138AC-745C-4DF5-BBF0-05354F17CDB6}
	EndGlobalSection
	GlobalSection(ExtensibilityGlobals) = postSolution
		SolutionGuid = {BB22C1F7-3C61-44ED-9797-08E67A0C82E9}
	EndGlobalSection
EndGlobal
